PODS:
  - Alamofire (5.8.0)
  - Moya (15.0.0):
    - Moya/Core (= 15.0.0)
  - Moya/Core (15.0.0):
    - Alamofire (~> 5.0)
  - R.swift (7.3.2)

DEPENDENCIES:
  - Alamofire
  - Moya
  - R.swift

SPEC REPOS:
  trunk:
    - Alamofire
    - Moya
    - R.swift

SPEC CHECKSUMS:
  Alamofire: 0e92e751b3e9e66d7982db43919d01f313b8eb91
  Moya: 138f0573e53411fb3dc17016add0b748dfbd78ee
  R.swift: 0af0d882f49f03711415cb4e5215daa977d8a480

PODFILE CHECKSUM: 355e5f88a3c8597a48ebf73058ad533a32585d30

COCOAPODS: 1.13.0
